// !$*UTF8*$!
{
	archiveVersion = 1;
	classes = {
	};
	objectVersion = 56;
	objects = {

/* Begin PBXBuildFile section */
		160658302B02B31800FDBA7C /* URLRequest-Ext.swift in Sources */ = {isa = PBXBuildFile; fileRef = 1606582E2B02B31800FDBA7C /* URLRequest-Ext.swift */; };
		160658312B02B31800FDBA7C /* URLRequest-Ext.swift in Sources */ = {isa = PBXBuildFile; fileRef = 1606582E2B02B31800FDBA7C /* URLRequest-Ext.swift */; };
		160658322B02B31800FDBA7C /* URLRequest-Ext.swift in Sources */ = {isa = PBXBuildFile; fileRef = 1606582E2B02B31800FDBA7C /* URLRequest-Ext.swift */; };
		160658332B02B31800FDBA7C /* URLSession-Ext.swift in Sources */ = {isa = PBXBuildFile; fileRef = 1606582F2B02B31800FDBA7C /* URLSession-Ext.swift */; };
		160658342B02B31800FDBA7C /* URLSession-Ext.swift in Sources */ = {isa = PBXBuildFile; fileRef = 1606582F2B02B31800FDBA7C /* URLSession-Ext.swift */; };
		160658352B02B31800FDBA7C /* URLSession-Ext.swift in Sources */ = {isa = PBXBuildFile; fileRef = 1606582F2B02B31800FDBA7C /* URLSession-Ext.swift */; };
		160658B92B0A710D00FDBA7C /* GeoSearchView.swift in Sources */ = {isa = PBXBuildFile; fileRef = 160658B82B0A710D00FDBA7C /* GeoSearchView.swift */; };
		160658BA2B0A710D00FDBA7C /* GeoSearchView.swift in Sources */ = {isa = PBXBuildFile; fileRef = 160658B82B0A710D00FDBA7C /* GeoSearchView.swift */; };
		160658BB2B0A710D00FDBA7C /* GeoSearchView.swift in Sources */ = {isa = PBXBuildFile; fileRef = 160658B82B0A710D00FDBA7C /* GeoSearchView.swift */; };
		160658BD2B0A714100FDBA7C /* GeoSearchViewModel.swift in Sources */ = {isa = PBXBuildFile; fileRef = 160658BC2B0A714100FDBA7C /* GeoSearchViewModel.swift */; };
		160658BE2B0A714100FDBA7C /* GeoSearchViewModel.swift in Sources */ = {isa = PBXBuildFile; fileRef = 160658BC2B0A714100FDBA7C /* GeoSearchViewModel.swift */; };
		160658BF2B0A714100FDBA7C /* GeoSearchViewModel.swift in Sources */ = {isa = PBXBuildFile; fileRef = 160658BC2B0A714100FDBA7C /* GeoSearchViewModel.swift */; };
		160658C92B0C601400FDBA7C /* IPLocation.swift in Sources */ = {isa = PBXBuildFile; fileRef = 160658C82B0C601400FDBA7C /* IPLocation.swift */; };
		160658CA2B0C601400FDBA7C /* IPLocation.swift in Sources */ = {isa = PBXBuildFile; fileRef = 160658C82B0C601400FDBA7C /* IPLocation.swift */; };
		160658CB2B0C601400FDBA7C /* IPLocation.swift in Sources */ = {isa = PBXBuildFile; fileRef = 160658C82B0C601400FDBA7C /* IPLocation.swift */; };
		160658CE2B0DB13D00FDBA7C /* IPLocationDataPublisher.swift in Sources */ = {isa = PBXBuildFile; fileRef = 160658CD2B0DB13D00FDBA7C /* IPLocationDataPublisher.swift */; };
		160658CF2B0DB13D00FDBA7C /* IPLocationDataPublisher.swift in Sources */ = {isa = PBXBuildFile; fileRef = 160658CD2B0DB13D00FDBA7C /* IPLocationDataPublisher.swift */; };
		160658D02B0DB13D00FDBA7C /* IPLocationDataPublisher.swift in Sources */ = {isa = PBXBuildFile; fileRef = 160658CD2B0DB13D00FDBA7C /* IPLocationDataPublisher.swift */; };
		160658D22B0F0A9300FDBA7C /* IPLocationService.swift in Sources */ = {isa = PBXBuildFile; fileRef = 160658D12B0F0A9300FDBA7C /* IPLocationService.swift */; };
		160658D32B0F0A9300FDBA7C /* IPLocationService.swift in Sources */ = {isa = PBXBuildFile; fileRef = 160658D12B0F0A9300FDBA7C /* IPLocationService.swift */; };
		160658D42B0F0A9300FDBA7C /* IPLocationService.swift in Sources */ = {isa = PBXBuildFile; fileRef = 160658D12B0F0A9300FDBA7C /* IPLocationService.swift */; };
		160658D72B11A83100FDBA7C /* IpGeoLocationGenericCellView.swift in Sources */ = {isa = PBXBuildFile; fileRef = 160658D62B11A83000FDBA7C /* IpGeoLocationGenericCellView.swift */; };
		160658D82B11A83100FDBA7C /* IpGeoLocationGenericCellView.swift in Sources */ = {isa = PBXBuildFile; fileRef = 160658D62B11A83000FDBA7C /* IpGeoLocationGenericCellView.swift */; };
		160658D92B11A83100FDBA7C /* IpGeoLocationGenericCellView.swift in Sources */ = {isa = PBXBuildFile; fileRef = 160658D62B11A83000FDBA7C /* IpGeoLocationGenericCellView.swift */; };
		160658DB2B11AA0900FDBA7C /* IpGeoLocationGenericNode.swift in Sources */ = {isa = PBXBuildFile; fileRef = 160658DA2B11AA0900FDBA7C /* IpGeoLocationGenericNode.swift */; };
		160658DC2B11AA0900FDBA7C /* IpGeoLocationGenericNode.swift in Sources */ = {isa = PBXBuildFile; fileRef = 160658DA2B11AA0900FDBA7C /* IpGeoLocationGenericNode.swift */; };
		160658DD2B11AA0900FDBA7C /* IpGeoLocationGenericNode.swift in Sources */ = {isa = PBXBuildFile; fileRef = 160658DA2B11AA0900FDBA7C /* IpGeoLocationGenericNode.swift */; };
		160658DE2B159A2700FDBA7C /* CombineURLServices.xcdatamodeld in Sources */ = {isa = PBXBuildFile; fileRef = 169D7FED2ADF891300E27E9B /* CombineURLServices.xcdatamodeld */; };
		160658DF2B159A2700FDBA7C /* CombineURLServices.xcdatamodeld in Sources */ = {isa = PBXBuildFile; fileRef = 169D7FED2ADF891300E27E9B /* CombineURLServices.xcdatamodeld */; };
		160658E22B15B92F00FDBA7C /* DataFlowFunnelCD in Frameworks */ = {isa = PBXBuildFile; productRef = 160658E12B15B92F00FDBA7C /* DataFlowFunnelCD */; };
		160658E52B196C8300FDBA7C /* Reachability in Frameworks */ = {isa = PBXBuildFile; productRef = 160658E42B196C8300FDBA7C /* Reachability */; };
		160658F12B197A0100FDBA7C /* NRCommon.swift in Sources */ = {isa = PBXBuildFile; fileRef = 160658EB2B197A0100FDBA7C /* NRCommon.swift */; };
		160658F22B197A0100FDBA7C /* NRCommon.swift in Sources */ = {isa = PBXBuildFile; fileRef = 160658EB2B197A0100FDBA7C /* NRCommon.swift */; };
		160658F32B197A0100FDBA7C /* NRCommon.swift in Sources */ = {isa = PBXBuildFile; fileRef = 160658EB2B197A0100FDBA7C /* NRCommon.swift */; };
		160658FA2B197A0100FDBA7C /* NRAssets.xcassets in Resources */ = {isa = PBXBuildFile; fileRef = 160658EE2B197A0100FDBA7C /* NRAssets.xcassets */; };
		160658FB2B197A0100FDBA7C /* NRAssets.xcassets in Resources */ = {isa = PBXBuildFile; fileRef = 160658EE2B197A0100FDBA7C /* NRAssets.xcassets */; };
		160658FC2B197A0100FDBA7C /* NRAssets.xcassets in Resources */ = {isa = PBXBuildFile; fileRef = 160658EE2B197A0100FDBA7C /* NRAssets.xcassets */; };
		160658FD2B197A0100FDBA7C /* NetworkReachability.swift in Sources */ = {isa = PBXBuildFile; fileRef = 160658EF2B197A0100FDBA7C /* NetworkReachability.swift */; };
		160658FE2B197A0100FDBA7C /* NetworkReachability.swift in Sources */ = {isa = PBXBuildFile; fileRef = 160658EF2B197A0100FDBA7C /* NetworkReachability.swift */; };
		160658FF2B197A0100FDBA7C /* NetworkReachability.swift in Sources */ = {isa = PBXBuildFile; fileRef = 160658EF2B197A0100FDBA7C /* NetworkReachability.swift */; };
		1606590B2B1AE7E200FDBA7C /* NoConnectView.swift in Sources */ = {isa = PBXBuildFile; fileRef = 1606590A2B1AE7E200FDBA7C /* NoConnectView.swift */; };
		1606590C2B1AE7E200FDBA7C /* NoConnectView.swift in Sources */ = {isa = PBXBuildFile; fileRef = 1606590A2B1AE7E200FDBA7C /* NoConnectView.swift */; };
		1606590D2B1AE7E200FDBA7C /* NoConnectView.swift in Sources */ = {isa = PBXBuildFile; fileRef = 1606590A2B1AE7E200FDBA7C /* NoConnectView.swift */; };
		1606590F2B1AE8EF00FDBA7C /* NoConnectViewModel.swift in Sources */ = {isa = PBXBuildFile; fileRef = 1606590E2B1AE8EF00FDBA7C /* NoConnectViewModel.swift */; };
		160659102B1AE8EF00FDBA7C /* NoConnectViewModel.swift in Sources */ = {isa = PBXBuildFile; fileRef = 1606590E2B1AE8EF00FDBA7C /* NoConnectViewModel.swift */; };
		160659112B1AE8EF00FDBA7C /* NoConnectViewModel.swift in Sources */ = {isa = PBXBuildFile; fileRef = 1606590E2B1AE8EF00FDBA7C /* NoConnectViewModel.swift */; };
		1606591D2B1D931800FDBA7C /* FetchAndDescribeDataOperation.swift in Sources */ = {isa = PBXBuildFile; fileRef = 1606591C2B1D931800FDBA7C /* FetchAndDescribeDataOperation.swift */; };
		1606591E2B1D931800FDBA7C /* FetchAndDescribeDataOperation.swift in Sources */ = {isa = PBXBuildFile; fileRef = 1606591C2B1D931800FDBA7C /* FetchAndDescribeDataOperation.swift */; };
		1606591F2B1D931800FDBA7C /* FetchAndDescribeDataOperation.swift in Sources */ = {isa = PBXBuildFile; fileRef = 1606591C2B1D931800FDBA7C /* FetchAndDescribeDataOperation.swift */; };
		1608E9912B1DA63A0054A3BA /* UpdateReachabilityStatusOperation.swift in Sources */ = {isa = PBXBuildFile; fileRef = 1608E9902B1DA63A0054A3BA /* UpdateReachabilityStatusOperation.swift */; };
		1608E9922B1DA63A0054A3BA /* UpdateReachabilityStatusOperation.swift in Sources */ = {isa = PBXBuildFile; fileRef = 1608E9902B1DA63A0054A3BA /* UpdateReachabilityStatusOperation.swift */; };
		1608E9932B1DA63A0054A3BA /* UpdateReachabilityStatusOperation.swift in Sources */ = {isa = PBXBuildFile; fileRef = 1608E9902B1DA63A0054A3BA /* UpdateReachabilityStatusOperation.swift */; };
		169D7FE32ADF891200E27E9B /* CombineURLServicesApp.swift in Sources */ = {isa = PBXBuildFile; fileRef = 169D7FE22ADF891200E27E9B /* CombineURLServicesApp.swift */; };
		169D7FE72ADF891300E27E9B /* Assets.xcassets in Resources */ = {isa = PBXBuildFile; fileRef = 169D7FE62ADF891300E27E9B /* Assets.xcassets */; };
		169D7FEA2ADF891300E27E9B /* Preview Assets.xcassets in Resources */ = {isa = PBXBuildFile; fileRef = 169D7FE92ADF891300E27E9B /* Preview Assets.xcassets */; };
		169D7FEF2ADF891300E27E9B /* CombineURLServices.xcdatamodeld in Sources */ = {isa = PBXBuildFile; fileRef = 169D7FED2ADF891300E27E9B /* CombineURLServices.xcdatamodeld */; };
		169D7FF92ADF891300E27E9B /* CombineURLServicesTests.swift in Sources */ = {isa = PBXBuildFile; fileRef = 169D7FF82ADF891300E27E9B /* CombineURLServicesTests.swift */; };
		169D80032ADF891300E27E9B /* CombineURLServicesUITests.swift in Sources */ = {isa = PBXBuildFile; fileRef = 169D80022ADF891300E27E9B /* CombineURLServicesUITests.swift */; };
		169D80052ADF891300E27E9B /* CombineURLServicesUITestsLaunchTests.swift in Sources */ = {isa = PBXBuildFile; fileRef = 169D80042ADF891300E27E9B /* CombineURLServicesUITestsLaunchTests.swift */; };
		169D80122ADF8CC800E27E9B /* AppDelegate.swift in Sources */ = {isa = PBXBuildFile; fileRef = 169D80112ADF8CC800E27E9B /* AppDelegate.swift */; };
		169D80132ADF8CC800E27E9B /* AppDelegate.swift in Sources */ = {isa = PBXBuildFile; fileRef = 169D80112ADF8CC800E27E9B /* AppDelegate.swift */; };
		169D80142ADF8CC800E27E9B /* AppDelegate.swift in Sources */ = {isa = PBXBuildFile; fileRef = 169D80112ADF8CC800E27E9B /* AppDelegate.swift */; };
		16A041302B242508003B1D69 /* IPLocationDataReducer.swift in Sources */ = {isa = PBXBuildFile; fileRef = 16A0412F2B242508003B1D69 /* IPLocationDataReducer.swift */; };
		16A041312B242508003B1D69 /* IPLocationDataReducer.swift in Sources */ = {isa = PBXBuildFile; fileRef = 16A0412F2B242508003B1D69 /* IPLocationDataReducer.swift */; };
		16A041322B242508003B1D69 /* IPLocationDataReducer.swift in Sources */ = {isa = PBXBuildFile; fileRef = 16A0412F2B242508003B1D69 /* IPLocationDataReducer.swift */; };
		16A041342B242A18003B1D69 /* IPLocationDataReducer+CoreDataExt.swift in Sources */ = {isa = PBXBuildFile; fileRef = 16A041332B242A18003B1D69 /* IPLocationDataReducer+CoreDataExt.swift */; };
		16A041352B242A18003B1D69 /* IPLocationDataReducer+CoreDataExt.swift in Sources */ = {isa = PBXBuildFile; fileRef = 16A041332B242A18003B1D69 /* IPLocationDataReducer+CoreDataExt.swift */; };
		16A041362B242A18003B1D69 /* IPLocationDataReducer+CoreDataExt.swift in Sources */ = {isa = PBXBuildFile; fileRef = 16A041332B242A18003B1D69 /* IPLocationDataReducer+CoreDataExt.swift */; };
		16A041382B263FAD003B1D69 /* CreateNetworkRequestGeoSearchViewOperation.swift in Sources */ = {isa = PBXBuildFile; fileRef = 16A041372B263FAD003B1D69 /* CreateNetworkRequestGeoSearchViewOperation.swift */; };
		16A041392B263FAD003B1D69 /* CreateNetworkRequestGeoSearchViewOperation.swift in Sources */ = {isa = PBXBuildFile; fileRef = 16A041372B263FAD003B1D69 /* CreateNetworkRequestGeoSearchViewOperation.swift */; };
		16A0413A2B263FAD003B1D69 /* CreateNetworkRequestGeoSearchViewOperation.swift in Sources */ = {isa = PBXBuildFile; fileRef = 16A041372B263FAD003B1D69 /* CreateNetworkRequestGeoSearchViewOperation.swift */; };
		16A0413C2B268FB2003B1D69 /* CreateIpGeoLocationOperation.swift in Sources */ = {isa = PBXBuildFile; fileRef = 16A0413B2B268FB2003B1D69 /* CreateIpGeoLocationOperation.swift */; };
		16A0413D2B268FB2003B1D69 /* CreateIpGeoLocationOperation.swift in Sources */ = {isa = PBXBuildFile; fileRef = 16A0413B2B268FB2003B1D69 /* CreateIpGeoLocationOperation.swift */; };
		16A0413E2B268FB2003B1D69 /* CreateIpGeoLocationOperation.swift in Sources */ = {isa = PBXBuildFile; fileRef = 16A0413B2B268FB2003B1D69 /* CreateIpGeoLocationOperation.swift */; };
		16D350052B01BC3900422298 /* ServiceError.swift in Sources */ = {isa = PBXBuildFile; fileRef = 16D350042B01BC3900422298 /* ServiceError.swift */; };
		16D350062B01BC3900422298 /* ServiceError.swift in Sources */ = {isa = PBXBuildFile; fileRef = 16D350042B01BC3900422298 /* ServiceError.swift */; };
		16D350072B01BC3900422298 /* ServiceError.swift in Sources */ = {isa = PBXBuildFile; fileRef = 16D350042B01BC3900422298 /* ServiceError.swift */; };
/* End PBXBuildFile section */

/* Begin PBXContainerItemProxy section */
		169D7FF52ADF891300E27E9B /* PBXContainerItemProxy */ = {
			isa = PBXContainerItemProxy;
			containerPortal = 169D7FD72ADF891200E27E9B /* Project object */;
			proxyType = 1;
			remoteGlobalIDString = 169D7FDE2ADF891200E27E9B;
			remoteInfo = CombineURLServices;
		};
		169D7FFF2ADF891300E27E9B /* PBXContainerItemProxy */ = {
			isa = PBXContainerItemProxy;
			containerPortal = 169D7FD72ADF891200E27E9B /* Project object */;
			proxyType = 1;
			remoteGlobalIDString = 169D7FDE2ADF891200E27E9B;
			remoteInfo = CombineURLServices;
		};
/* End PBXContainerItemProxy section */

/* Begin PBXFileReference section */
		1606582E2B02B31800FDBA7C /* URLRequest-Ext.swift */ = {isa = PBXFileReference; fileEncoding = 4; lastKnownFileType = sourcecode.swift; path = "URLRequest-Ext.swift"; sourceTree = "<group>"; };
		1606582F2B02B31800FDBA7C /* URLSession-Ext.swift */ = {isa = PBXFileReference; fileEncoding = 4; lastKnownFileType = sourcecode.swift; path = "URLSession-Ext.swift"; sourceTree = "<group>"; };
		160658B82B0A710D00FDBA7C /* GeoSearchView.swift */ = {isa = PBXFileReference; lastKnownFileType = sourcecode.swift; path = GeoSearchView.swift; sourceTree = "<group>"; };
		160658BC2B0A714100FDBA7C /* GeoSearchViewModel.swift */ = {isa = PBXFileReference; lastKnownFileType = sourcecode.swift; path = GeoSearchViewModel.swift; sourceTree = "<group>"; };
		160658C82B0C601400FDBA7C /* IPLocation.swift */ = {isa = PBXFileReference; fileEncoding = 4; lastKnownFileType = sourcecode.swift; path = IPLocation.swift; sourceTree = "<group>"; };
		160658CC2B0D44B400FDBA7C /* Info.plist */ = {isa = PBXFileReference; lastKnownFileType = text.plist; path = Info.plist; sourceTree = "<group>"; };
		160658CD2B0DB13D00FDBA7C /* IPLocationDataPublisher.swift */ = {isa = PBXFileReference; lastKnownFileType = sourcecode.swift; path = IPLocationDataPublisher.swift; sourceTree = "<group>"; };
		160658D12B0F0A9300FDBA7C /* IPLocationService.swift */ = {isa = PBXFileReference; lastKnownFileType = sourcecode.swift; path = IPLocationService.swift; sourceTree = "<group>"; };
		160658D62B11A83000FDBA7C /* IpGeoLocationGenericCellView.swift */ = {isa = PBXFileReference; lastKnownFileType = sourcecode.swift; path = IpGeoLocationGenericCellView.swift; sourceTree = "<group>"; };
		160658DA2B11AA0900FDBA7C /* IpGeoLocationGenericNode.swift */ = {isa = PBXFileReference; lastKnownFileType = sourcecode.swift; path = IpGeoLocationGenericNode.swift; sourceTree = "<group>"; };
		160658EB2B197A0100FDBA7C /* NRCommon.swift */ = {isa = PBXFileReference; fileEncoding = 4; lastKnownFileType = sourcecode.swift; path = NRCommon.swift; sourceTree = "<group>"; };
		160658EE2B197A0100FDBA7C /* NRAssets.xcassets */ = {isa = PBXFileReference; lastKnownFileType = folder.assetcatalog; path = NRAssets.xcassets; sourceTree = "<group>"; };
		160658EF2B197A0100FDBA7C /* NetworkReachability.swift */ = {isa = PBXFileReference; fileEncoding = 4; lastKnownFileType = sourcecode.swift; path = NetworkReachability.swift; sourceTree = "<group>"; };
		160659032B1ADC4A00FDBA7C /* README.md */ = {isa = PBXFileReference; lastKnownFileType = net.daringfireball.markdown; name = README.md; path = ../README.md; sourceTree = "<group>"; };
		1606590A2B1AE7E200FDBA7C /* NoConnectView.swift */ = {isa = PBXFileReference; lastKnownFileType = sourcecode.swift; path = NoConnectView.swift; sourceTree = "<group>"; };
		1606590E2B1AE8EF00FDBA7C /* NoConnectViewModel.swift */ = {isa = PBXFileReference; lastKnownFileType = sourcecode.swift; path = NoConnectViewModel.swift; sourceTree = "<group>"; };
		1606591C2B1D931800FDBA7C /* FetchAndDescribeDataOperation.swift */ = {isa = PBXFileReference; fileEncoding = 4; lastKnownFileType = sourcecode.swift; path = FetchAndDescribeDataOperation.swift; sourceTree = "<group>"; };
		1608E9902B1DA63A0054A3BA /* UpdateReachabilityStatusOperation.swift */ = {isa = PBXFileReference; fileEncoding = 4; lastKnownFileType = sourcecode.swift; path = UpdateReachabilityStatusOperation.swift; sourceTree = "<group>"; };
		169D7FDF2ADF891200E27E9B /* CombineURLServices.app */ = {isa = PBXFileReference; explicitFileType = wrapper.application; includeInIndex = 0; path = CombineURLServices.app; sourceTree = BUILT_PRODUCTS_DIR; };
		169D7FE22ADF891200E27E9B /* CombineURLServicesApp.swift */ = {isa = PBXFileReference; lastKnownFileType = sourcecode.swift; path = CombineURLServicesApp.swift; sourceTree = "<group>"; };
		169D7FE62ADF891300E27E9B /* Assets.xcassets */ = {isa = PBXFileReference; lastKnownFileType = folder.assetcatalog; path = Assets.xcassets; sourceTree = "<group>"; };
		169D7FE92ADF891300E27E9B /* Preview Assets.xcassets */ = {isa = PBXFileReference; lastKnownFileType = folder.assetcatalog; path = "Preview Assets.xcassets"; sourceTree = "<group>"; };
		169D7FEE2ADF891300E27E9B /* CombineURLServices.xcdatamodel */ = {isa = PBXFileReference; lastKnownFileType = wrapper.xcdatamodel; path = CombineURLServices.xcdatamodel; sourceTree = "<group>"; };
		169D7FF42ADF891300E27E9B /* CombineURLServicesTests.xctest */ = {isa = PBXFileReference; explicitFileType = wrapper.cfbundle; includeInIndex = 0; path = CombineURLServicesTests.xctest; sourceTree = BUILT_PRODUCTS_DIR; };
		169D7FF82ADF891300E27E9B /* CombineURLServicesTests.swift */ = {isa = PBXFileReference; lastKnownFileType = sourcecode.swift; path = CombineURLServicesTests.swift; sourceTree = "<group>"; };
		169D7FFE2ADF891300E27E9B /* CombineURLServicesUITests.xctest */ = {isa = PBXFileReference; explicitFileType = wrapper.cfbundle; includeInIndex = 0; path = CombineURLServicesUITests.xctest; sourceTree = BUILT_PRODUCTS_DIR; };
		169D80022ADF891300E27E9B /* CombineURLServicesUITests.swift */ = {isa = PBXFileReference; lastKnownFileType = sourcecode.swift; path = CombineURLServicesUITests.swift; sourceTree = "<group>"; };
		169D80042ADF891300E27E9B /* CombineURLServicesUITestsLaunchTests.swift */ = {isa = PBXFileReference; lastKnownFileType = sourcecode.swift; path = CombineURLServicesUITestsLaunchTests.swift; sourceTree = "<group>"; };
		169D80112ADF8CC800E27E9B /* AppDelegate.swift */ = {isa = PBXFileReference; lastKnownFileType = sourcecode.swift; path = AppDelegate.swift; sourceTree = "<group>"; };
		16A0412F2B242508003B1D69 /* IPLocationDataReducer.swift */ = {isa = PBXFileReference; lastKnownFileType = sourcecode.swift; path = IPLocationDataReducer.swift; sourceTree = "<group>"; };
		16A041332B242A18003B1D69 /* IPLocationDataReducer+CoreDataExt.swift */ = {isa = PBXFileReference; lastKnownFileType = sourcecode.swift; path = "IPLocationDataReducer+CoreDataExt.swift"; sourceTree = "<group>"; };
		16A041372B263FAD003B1D69 /* CreateNetworkRequestGeoSearchViewOperation.swift */ = {isa = PBXFileReference; lastKnownFileType = sourcecode.swift; path = CreateNetworkRequestGeoSearchViewOperation.swift; sourceTree = "<group>"; };
		16A0413B2B268FB2003B1D69 /* CreateIpGeoLocationOperation.swift */ = {isa = PBXFileReference; lastKnownFileType = sourcecode.swift; path = CreateIpGeoLocationOperation.swift; sourceTree = "<group>"; };
		16D350042B01BC3900422298 /* ServiceError.swift */ = {isa = PBXFileReference; fileEncoding = 4; lastKnownFileType = sourcecode.swift; path = ServiceError.swift; sourceTree = "<group>"; };
/* End PBXFileReference section */

/* Begin PBXFrameworksBuildPhase section */
		169D7FDC2ADF891200E27E9B /* Frameworks */ = {
			isa = PBXFrameworksBuildPhase;
			buildActionMask = 2147483647;
			files = (
				160658E22B15B92F00FDBA7C /* DataFlowFunnelCD in Frameworks */,
				160658E52B196C8300FDBA7C /* Reachability in Frameworks */,
			);
			runOnlyForDeploymentPostprocessing = 0;
		};
		169D7FF12ADF891300E27E9B /* Frameworks */ = {
			isa = PBXFrameworksBuildPhase;
			buildActionMask = 2147483647;
			files = (
			);
			runOnlyForDeploymentPostprocessing = 0;
		};
		169D7FFB2ADF891300E27E9B /* Frameworks */ = {
			isa = PBXFrameworksBuildPhase;
			buildActionMask = 2147483647;
			files = (
			);
			runOnlyForDeploymentPostprocessing = 0;
		};
/* End PBXFrameworksBuildPhase section */

/* Begin PBXGroup section */
		160658202B02A13100FDBA7C /* IPGeoLocationModule */ = {
			isa = PBXGroup;
			children = (
				168ECF8A2B2058080007E745 /* Reducers */,
				160658242B02A1D200FDBA7C /* Services */,
				160658232B02A1A600FDBA7C /* Models */,
				160658222B02A17100FDBA7C /* ViewModel */,
				160658212B02A16500FDBA7C /* View */,
			);
			path = IPGeoLocationModule;
			sourceTree = "<group>";
		};
		160658212B02A16500FDBA7C /* View */ = {
			isa = PBXGroup;
			children = (
				160658B82B0A710D00FDBA7C /* GeoSearchView.swift */,
				160658D62B11A83000FDBA7C /* IpGeoLocationGenericCellView.swift */,
			);
			path = View;
			sourceTree = "<group>";
		};
		160658222B02A17100FDBA7C /* ViewModel */ = {
			isa = PBXGroup;
			children = (
				160658BC2B0A714100FDBA7C /* GeoSearchViewModel.swift */,
			);
			path = ViewModel;
			sourceTree = "<group>";
		};
		160658232B02A1A600FDBA7C /* Models */ = {
			isa = PBXGroup;
			children = (
				160658C82B0C601400FDBA7C /* IPLocation.swift */,
				160658DA2B11AA0900FDBA7C /* IpGeoLocationGenericNode.swift */,
			);
			path = Models;
			sourceTree = "<group>";
		};
		160658242B02A1D200FDBA7C /* Services */ = {
			isa = PBXGroup;
			children = (
				160658D12B0F0A9300FDBA7C /* IPLocationService.swift */,
				160658CD2B0DB13D00FDBA7C /* IPLocationDataPublisher.swift */,
			);
			path = Services;
			sourceTree = "<group>";
		};
		1606582D2B02B1D000FDBA7C /* Extension */ = {
			isa = PBXGroup;
			children = (
				1606582E2B02B31800FDBA7C /* URLRequest-Ext.swift */,
				1606582F2B02B31800FDBA7C /* URLSession-Ext.swift */,
			);
			path = Extension;
			sourceTree = "<group>";
		};
		160658EA2B197A0100FDBA7C /* NetworkReachabilityModule */ = {
			isa = PBXGroup;
			children = (
				160659192B1D919A00FDBA7C /* Assets */,
				160659182B1D918400FDBA7C /* Reducer */,
				160659172B1D90D300FDBA7C /* Common */,
				160659092B1AE75800FDBA7C /* ViewModel */,
				160659082B1AE6FD00FDBA7C /* View */,
			);
			path = NetworkReachabilityModule;
			sourceTree = "<group>";
		};
		160659082B1AE6FD00FDBA7C /* View */ = {
			isa = PBXGroup;
			children = (
				1606590A2B1AE7E200FDBA7C /* NoConnectView.swift */,
			);
			path = View;
			sourceTree = "<group>";
		};
		160659092B1AE75800FDBA7C /* ViewModel */ = {
			isa = PBXGroup;
			children = (
				1606590E2B1AE8EF00FDBA7C /* NoConnectViewModel.swift */,
			);
			path = ViewModel;
			sourceTree = "<group>";
		};
		160659162B1D909F00FDBA7C /* CombineURLServicesPersistance */ = {
			isa = PBXGroup;
			children = (
				1606591A2B1D920900FDBA7C /* Operations */,
				169D7FED2ADF891300E27E9B /* CombineURLServices.xcdatamodeld */,
			);
			path = CombineURLServicesPersistance;
			sourceTree = "<group>";
		};
		160659172B1D90D300FDBA7C /* Common */ = {
			isa = PBXGroup;
			children = (
				160658EB2B197A0100FDBA7C /* NRCommon.swift */,
			);
			path = Common;
			sourceTree = "<group>";
		};
		160659182B1D918400FDBA7C /* Reducer */ = {
			isa = PBXGroup;
			children = (
				160658EF2B197A0100FDBA7C /* NetworkReachability.swift */,
			);
			path = Reducer;
			sourceTree = "<group>";
		};
		160659192B1D919A00FDBA7C /* Assets */ = {
			isa = PBXGroup;
			children = (
				160658EE2B197A0100FDBA7C /* NRAssets.xcassets */,
			);
			path = Assets;
			sourceTree = "<group>";
		};
		1606591A2B1D920900FDBA7C /* Operations */ = {
			isa = PBXGroup;
			children = (
				1606591B2B1D921900FDBA7C /* Debug */,
				1608E9902B1DA63A0054A3BA /* UpdateReachabilityStatusOperation.swift */,
				16A041372B263FAD003B1D69 /* CreateNetworkRequestGeoSearchViewOperation.swift */,
				16A0413B2B268FB2003B1D69 /* CreateIpGeoLocationOperation.swift */,
			);
			path = Operations;
			sourceTree = "<group>";
		};
		1606591B2B1D921900FDBA7C /* Debug */ = {
			isa = PBXGroup;
			children = (
				1606591C2B1D931800FDBA7C /* FetchAndDescribeDataOperation.swift */,
			);
			path = Debug;
			sourceTree = "<group>";
		};
		168ECF8A2B2058080007E745 /* Reducers */ = {
			isa = PBXGroup;
			children = (
				16A0412F2B242508003B1D69 /* IPLocationDataReducer.swift */,
				16A041332B242A18003B1D69 /* IPLocationDataReducer+CoreDataExt.swift */,
			);
			path = Reducers;
			sourceTree = "<group>";
		};
		169D7FD62ADF891200E27E9B = {
			isa = PBXGroup;
			children = (
				160659032B1ADC4A00FDBA7C /* README.md */,
				160659162B1D909F00FDBA7C /* CombineURLServicesPersistance */,
				160658EA2B197A0100FDBA7C /* NetworkReachabilityModule */,
				160658202B02A13100FDBA7C /* IPGeoLocationModule */,
				16D34FF72B01994E00422298 /* APIServices */,
				169D7FE12ADF891200E27E9B /* CombineURLServices */,
				169D7FF72ADF891300E27E9B /* CombineURLServicesTests */,
				169D80012ADF891300E27E9B /* CombineURLServicesUITests */,
				169D7FE02ADF891200E27E9B /* Products */,
			);
			sourceTree = "<group>";
		};
		169D7FE02ADF891200E27E9B /* Products */ = {
			isa = PBXGroup;
			children = (
				169D7FDF2ADF891200E27E9B /* CombineURLServices.app */,
				169D7FF42ADF891300E27E9B /* CombineURLServicesTests.xctest */,
				169D7FFE2ADF891300E27E9B /* CombineURLServicesUITests.xctest */,
			);
			name = Products;
			sourceTree = "<group>";
		};
		169D7FE12ADF891200E27E9B /* CombineURLServices */ = {
			isa = PBXGroup;
			children = (
				160658CC2B0D44B400FDBA7C /* Info.plist */,
				169D7FE22ADF891200E27E9B /* CombineURLServicesApp.swift */,
				169D7FE62ADF891300E27E9B /* Assets.xcassets */,
				169D7FE82ADF891300E27E9B /* Preview Content */,
				169D80112ADF8CC800E27E9B /* AppDelegate.swift */,
			);
			path = CombineURLServices;
			sourceTree = "<group>";
		};
		169D7FE82ADF891300E27E9B /* Preview Content */ = {
			isa = PBXGroup;
			children = (
				169D7FE92ADF891300E27E9B /* Preview Assets.xcassets */,
			);
			path = "Preview Content";
			sourceTree = "<group>";
		};
		169D7FF72ADF891300E27E9B /* CombineURLServicesTests */ = {
			isa = PBXGroup;
			children = (
				169D7FF82ADF891300E27E9B /* CombineURLServicesTests.swift */,
			);
			path = CombineURLServicesTests;
			sourceTree = "<group>";
		};
		169D80012ADF891300E27E9B /* CombineURLServicesUITests */ = {
			isa = PBXGroup;
			children = (
				169D80022ADF891300E27E9B /* CombineURLServicesUITests.swift */,
				169D80042ADF891300E27E9B /* CombineURLServicesUITestsLaunchTests.swift */,
			);
			path = CombineURLServicesUITests;
			sourceTree = "<group>";
		};
		16D34FF72B01994E00422298 /* APIServices */ = {
			isa = PBXGroup;
			children = (
				1606582D2B02B1D000FDBA7C /* Extension */,
				16D34FFA2B01A9D300422298 /* APIServices */,
			);
			path = APIServices;
			sourceTree = "<group>";
		};
		16D34FFA2B01A9D300422298 /* APIServices */ = {
			isa = PBXGroup;
			children = (
				16D350042B01BC3900422298 /* ServiceError.swift */,
			);
			path = APIServices;
			sourceTree = "<group>";
		};
/* End PBXGroup section */

/* Begin PBXNativeTarget section */
		169D7FDE2ADF891200E27E9B /* CombineURLServices */ = {
			isa = PBXNativeTarget;
			buildConfigurationList = 169D80082ADF891300E27E9B /* Build configuration list for PBXNativeTarget "CombineURLServices" */;
			buildPhases = (
				169D7FDB2ADF891200E27E9B /* Sources */,
				169D7FDC2ADF891200E27E9B /* Frameworks */,
				169D7FDD2ADF891200E27E9B /* Resources */,
			);
			buildRules = (
			);
			dependencies = (
			);
			name = CombineURLServices;
			packageProductDependencies = (
				160658E12B15B92F00FDBA7C /* DataFlowFunnelCD */,
				160658E42B196C8300FDBA7C /* Reachability */,
			);
			productName = CombineURLServices;
			productReference = 169D7FDF2ADF891200E27E9B /* CombineURLServices.app */;
			productType = "com.apple.product-type.application";
		};
		169D7FF32ADF891300E27E9B /* CombineURLServicesTests */ = {
			isa = PBXNativeTarget;
			buildConfigurationList = 169D800B2ADF891300E27E9B /* Build configuration list for PBXNativeTarget "CombineURLServicesTests" */;
			buildPhases = (
				169D7FF02ADF891300E27E9B /* Sources */,
				169D7FF12ADF891300E27E9B /* Frameworks */,
				169D7FF22ADF891300E27E9B /* Resources */,
			);
			buildRules = (
			);
			dependencies = (
				169D7FF62ADF891300E27E9B /* PBXTargetDependency */,
			);
			name = CombineURLServicesTests;
			productName = CombineURLServicesTests;
			productReference = 169D7FF42ADF891300E27E9B /* CombineURLServicesTests.xctest */;
			productType = "com.apple.product-type.bundle.unit-test";
		};
		169D7FFD2ADF891300E27E9B /* CombineURLServicesUITests */ = {
			isa = PBXNativeTarget;
			buildConfigurationList = 169D800E2ADF891300E27E9B /* Build configuration list for PBXNativeTarget "CombineURLServicesUITests" */;
			buildPhases = (
				169D7FFA2ADF891300E27E9B /* Sources */,
				169D7FFB2ADF891300E27E9B /* Frameworks */,
				169D7FFC2ADF891300E27E9B /* Resources */,
			);
			buildRules = (
			);
			dependencies = (
				169D80002ADF891300E27E9B /* PBXTargetDependency */,
			);
			name = CombineURLServicesUITests;
			productName = CombineURLServicesUITests;
			productReference = 169D7FFE2ADF891300E27E9B /* CombineURLServicesUITests.xctest */;
			productType = "com.apple.product-type.bundle.ui-testing";
		};
/* End PBXNativeTarget section */

/* Begin PBXProject section */
		169D7FD72ADF891200E27E9B /* Project object */ = {
			isa = PBXProject;
			attributes = {
				BuildIndependentTargetsInParallel = 1;
				LastSwiftUpdateCheck = 1500;
				LastUpgradeCheck = 1500;
				TargetAttributes = {
					169D7FDE2ADF891200E27E9B = {
						CreatedOnToolsVersion = 15.0;
					};
					169D7FF32ADF891300E27E9B = {
						CreatedOnToolsVersion = 15.0;
						TestTargetID = 169D7FDE2ADF891200E27E9B;
					};
					169D7FFD2ADF891300E27E9B = {
						CreatedOnToolsVersion = 15.0;
						TestTargetID = 169D7FDE2ADF891200E27E9B;
					};
				};
			};
			buildConfigurationList = 169D7FDA2ADF891200E27E9B /* Build configuration list for PBXProject "CombineURLServices" */;
			compatibilityVersion = "Xcode 14.0";
			developmentRegion = en;
			hasScannedForEncodings = 0;
			knownRegions = (
				en,
				Base,
			);
			mainGroup = 169D7FD62ADF891200E27E9B;
			packageReferences = (
				160658E02B15B92F00FDBA7C /* XCRemoteSwiftPackageReference "DataFlowFunnelCD" */,
				160658E32B196C8300FDBA7C /* XCRemoteSwiftPackageReference "Reachability.swift" */,
			);
			productRefGroup = 169D7FE02ADF891200E27E9B /* Products */;
			projectDirPath = "";
			projectRoot = "";
			targets = (
				169D7FDE2ADF891200E27E9B /* CombineURLServices */,
				169D7FF32ADF891300E27E9B /* CombineURLServicesTests */,
				169D7FFD2ADF891300E27E9B /* CombineURLServicesUITests */,
			);
		};
/* End PBXProject section */

/* Begin PBXResourcesBuildPhase section */
		169D7FDD2ADF891200E27E9B /* Resources */ = {
			isa = PBXResourcesBuildPhase;
			buildActionMask = 2147483647;
			files = (
				160658FA2B197A0100FDBA7C /* NRAssets.xcassets in Resources */,
				169D7FEA2ADF891300E27E9B /* Preview Assets.xcassets in Resources */,
				169D7FE72ADF891300E27E9B /* Assets.xcassets in Resources */,
			);
			runOnlyForDeploymentPostprocessing = 0;
		};
		169D7FF22ADF891300E27E9B /* Resources */ = {
			isa = PBXResourcesBuildPhase;
			buildActionMask = 2147483647;
			files = (
				160658FB2B197A0100FDBA7C /* NRAssets.xcassets in Resources */,
			);
			runOnlyForDeploymentPostprocessing = 0;
		};
		169D7FFC2ADF891300E27E9B /* Resources */ = {
			isa = PBXResourcesBuildPhase;
			buildActionMask = 2147483647;
			files = (
				160658FC2B197A0100FDBA7C /* NRAssets.xcassets in Resources */,
			);
			runOnlyForDeploymentPostprocessing = 0;
		};
/* End PBXResourcesBuildPhase section */

/* Begin PBXSourcesBuildPhase section */
		169D7FDB2ADF891200E27E9B /* Sources */ = {
			isa = PBXSourcesBuildPhase;
			buildActionMask = 2147483647;
			files = (
				160658BD2B0A714100FDBA7C /* GeoSearchViewModel.swift in Sources */,
				160658D22B0F0A9300FDBA7C /* IPLocationService.swift in Sources */,
				16D350052B01BC3900422298 /* ServiceError.swift in Sources */,
				16A0413C2B268FB2003B1D69 /* CreateIpGeoLocationOperation.swift in Sources */,
				1606591D2B1D931800FDBA7C /* FetchAndDescribeDataOperation.swift in Sources */,
				160658C92B0C601400FDBA7C /* IPLocation.swift in Sources */,
				160658302B02B31800FDBA7C /* URLRequest-Ext.swift in Sources */,
				160658CE2B0DB13D00FDBA7C /* IPLocationDataPublisher.swift in Sources */,
				1606590B2B1AE7E200FDBA7C /* NoConnectView.swift in Sources */,
				1606590F2B1AE8EF00FDBA7C /* NoConnectViewModel.swift in Sources */,
				160658F12B197A0100FDBA7C /* NRCommon.swift in Sources */,
				16A041342B242A18003B1D69 /* IPLocationDataReducer+CoreDataExt.swift in Sources */,
				1608E9912B1DA63A0054A3BA /* UpdateReachabilityStatusOperation.swift in Sources */,
				160658B92B0A710D00FDBA7C /* GeoSearchView.swift in Sources */,
				16A041382B263FAD003B1D69 /* CreateNetworkRequestGeoSearchViewOperation.swift in Sources */,
				160658DB2B11AA0900FDBA7C /* IpGeoLocationGenericNode.swift in Sources */,
				169D7FE32ADF891200E27E9B /* CombineURLServicesApp.swift in Sources */,
				160658D72B11A83100FDBA7C /* IpGeoLocationGenericCellView.swift in Sources */,
				169D80122ADF8CC800E27E9B /* AppDelegate.swift in Sources */,
				16A041302B242508003B1D69 /* IPLocationDataReducer.swift in Sources */,
				160658332B02B31800FDBA7C /* URLSession-Ext.swift in Sources */,
				169D7FEF2ADF891300E27E9B /* CombineURLServices.xcdatamodeld in Sources */,
				160658FD2B197A0100FDBA7C /* NetworkReachability.swift in Sources */,
			);
			runOnlyForDeploymentPostprocessing = 0;
		};
		169D7FF02ADF891300E27E9B /* Sources */ = {
			isa = PBXSourcesBuildPhase;
			buildActionMask = 2147483647;
			files = (
				16D350062B01BC3900422298 /* ServiceError.swift in Sources */,
				160658D32B0F0A9300FDBA7C /* IPLocationService.swift in Sources */,
				160658312B02B31800FDBA7C /* URLRequest-Ext.swift in Sources */,
				16A0413D2B268FB2003B1D69 /* CreateIpGeoLocationOperation.swift in Sources */,
				1606591E2B1D931800FDBA7C /* FetchAndDescribeDataOperation.swift in Sources */,
				160658BE2B0A714100FDBA7C /* GeoSearchViewModel.swift in Sources */,
				160658CF2B0DB13D00FDBA7C /* IPLocationDataPublisher.swift in Sources */,
				160658CA2B0C601400FDBA7C /* IPLocation.swift in Sources */,
				1606590C2B1AE7E200FDBA7C /* NoConnectView.swift in Sources */,
				160659102B1AE8EF00FDBA7C /* NoConnectViewModel.swift in Sources */,
				160658F22B197A0100FDBA7C /* NRCommon.swift in Sources */,
				16A041352B242A18003B1D69 /* IPLocationDataReducer+CoreDataExt.swift in Sources */,
				1608E9922B1DA63A0054A3BA /* UpdateReachabilityStatusOperation.swift in Sources */,
				160658BA2B0A710D00FDBA7C /* GeoSearchView.swift in Sources */,
				16A041392B263FAD003B1D69 /* CreateNetworkRequestGeoSearchViewOperation.swift in Sources */,
				160658DE2B159A2700FDBA7C /* CombineURLServices.xcdatamodeld in Sources */,
				160658D82B11A83100FDBA7C /* IpGeoLocationGenericCellView.swift in Sources */,
				160658DC2B11AA0900FDBA7C /* IpGeoLocationGenericNode.swift in Sources */,
				160658342B02B31800FDBA7C /* URLSession-Ext.swift in Sources */,
				16A041312B242508003B1D69 /* IPLocationDataReducer.swift in Sources */,
				169D80132ADF8CC800E27E9B /* AppDelegate.swift in Sources */,
				169D7FF92ADF891300E27E9B /* CombineURLServicesTests.swift in Sources */,
				160658FE2B197A0100FDBA7C /* NetworkReachability.swift in Sources */,
			);
			runOnlyForDeploymentPostprocessing = 0;
		};
		169D7FFA2ADF891300E27E9B /* Sources */ = {
			isa = PBXSourcesBuildPhase;
			buildActionMask = 2147483647;
			files = (
				16A0413A2B263FAD003B1D69 /* CreateNetworkRequestGeoSearchViewOperation.swift in Sources */,
				16D350072B01BC3900422298 /* ServiceError.swift in Sources */,
				160658322B02B31800FDBA7C /* URLRequest-Ext.swift in Sources */,
				160658352B02B31800FDBA7C /* URLSession-Ext.swift in Sources */,
				16A041362B242A18003B1D69 /* IPLocationDataReducer+CoreDataExt.swift in Sources */,
				1606590D2B1AE7E200FDBA7C /* NoConnectView.swift in Sources */,
				169D80142ADF8CC800E27E9B /* AppDelegate.swift in Sources */,
				169D80052ADF891300E27E9B /* CombineURLServicesUITestsLaunchTests.swift in Sources */,
				160658F32B197A0100FDBA7C /* NRCommon.swift in Sources */,
				160658DD2B11AA0900FDBA7C /* IpGeoLocationGenericNode.swift in Sources */,
				160658D92B11A83100FDBA7C /* IpGeoLocationGenericCellView.swift in Sources */,
				16A0413E2B268FB2003B1D69 /* CreateIpGeoLocationOperation.swift in Sources */,
				1606591F2B1D931800FDBA7C /* FetchAndDescribeDataOperation.swift in Sources */,
				160658BF2B0A714100FDBA7C /* GeoSearchViewModel.swift in Sources */,
				160658CB2B0C601400FDBA7C /* IPLocation.swift in Sources */,
				1608E9932B1DA63A0054A3BA /* UpdateReachabilityStatusOperation.swift in Sources */,
				160658BB2B0A710D00FDBA7C /* GeoSearchView.swift in Sources */,
				160658D02B0DB13D00FDBA7C /* IPLocationDataPublisher.swift in Sources */,
				169D80032ADF891300E27E9B /* CombineURLServicesUITests.swift in Sources */,
				160658FF2B197A0100FDBA7C /* NetworkReachability.swift in Sources */,
				160658D42B0F0A9300FDBA7C /* IPLocationService.swift in Sources */,
				160659112B1AE8EF00FDBA7C /* NoConnectViewModel.swift in Sources */,
				160658DF2B159A2700FDBA7C /* CombineURLServices.xcdatamodeld in Sources */,
				16A041322B242508003B1D69 /* IPLocationDataReducer.swift in Sources */,
			);
			runOnlyForDeploymentPostprocessing = 0;
		};
/* End PBXSourcesBuildPhase section */

/* Begin PBXTargetDependency section */
		169D7FF62ADF891300E27E9B /* PBXTargetDependency */ = {
			isa = PBXTargetDependency;
			target = 169D7FDE2ADF891200E27E9B /* CombineURLServices */;
			targetProxy = 169D7FF52ADF891300E27E9B /* PBXContainerItemProxy */;
		};
		169D80002ADF891300E27E9B /* PBXTargetDependency */ = {
			isa = PBXTargetDependency;
			target = 169D7FDE2ADF891200E27E9B /* CombineURLServices */;
			targetProxy = 169D7FFF2ADF891300E27E9B /* PBXContainerItemProxy */;
		};
/* End PBXTargetDependency section */

/* Begin XCBuildConfiguration section */
		169D80062ADF891300E27E9B /* Debug */ = {
			isa = XCBuildConfiguration;
			buildSettings = {
				ALWAYS_SEARCH_USER_PATHS = NO;
				ASSETCATALOG_COMPILER_GENERATE_SWIFT_ASSET_SYMBOL_EXTENSIONS = YES;
				CLANG_ANALYZER_NONNULL = YES;
				CLANG_ANALYZER_NUMBER_OBJECT_CONVERSION = YES_AGGRESSIVE;
				CLANG_CXX_LANGUAGE_STANDARD = "gnu++20";
				CLANG_ENABLE_MODULES = YES;
				CLANG_ENABLE_OBJC_ARC = YES;
				CLANG_ENABLE_OBJC_WEAK = YES;
				CLANG_WARN_BLOCK_CAPTURE_AUTORELEASING = YES;
				CLANG_WARN_BOOL_CONVERSION = YES;
				CLANG_WARN_COMMA = YES;
				CLANG_WARN_CONSTANT_CONVERSION = YES;
				CLANG_WARN_DEPRECATED_OBJC_IMPLEMENTATIONS = YES;
				CLANG_WARN_DIRECT_OBJC_ISA_USAGE = YES_ERROR;
				CLANG_WARN_DOCUMENTATION_COMMENTS = YES;
				CLANG_WARN_EMPTY_BODY = YES;
				CLANG_WARN_ENUM_CONVERSION = YES;
				CLANG_WARN_INFINITE_RECURSION = YES;
				CLANG_WARN_INT_CONVERSION = YES;
				CLANG_WARN_NON_LITERAL_NULL_CONVERSION = YES;
				CLANG_WARN_OBJC_IMPLICIT_RETAIN_SELF = YES;
				CLANG_WARN_OBJC_LITERAL_CONVERSION = YES;
				CLANG_WARN_OBJC_ROOT_CLASS = YES_ERROR;
				CLANG_WARN_QUOTED_INCLUDE_IN_FRAMEWORK_HEADER = YES;
				CLANG_WARN_RANGE_LOOP_ANALYSIS = YES;
				CLANG_WARN_STRICT_PROTOTYPES = YES;
				CLANG_WARN_SUSPICIOUS_MOVE = YES;
				CLANG_WARN_UNGUARDED_AVAILABILITY = YES_AGGRESSIVE;
				CLANG_WARN_UNREACHABLE_CODE = YES;
				CLANG_WARN__DUPLICATE_METHOD_MATCH = YES;
				COPY_PHASE_STRIP = NO;
				DEBUG_INFORMATION_FORMAT = dwarf;
				ENABLE_STRICT_OBJC_MSGSEND = YES;
				ENABLE_TESTABILITY = YES;
				ENABLE_USER_SCRIPT_SANDBOXING = YES;
				GCC_C_LANGUAGE_STANDARD = gnu17;
				GCC_DYNAMIC_NO_PIC = NO;
				GCC_NO_COMMON_BLOCKS = YES;
				GCC_OPTIMIZATION_LEVEL = 0;
				GCC_PREPROCESSOR_DEFINITIONS = (
					"DEBUG=1",
					"$(inherited)",
				);
				GCC_WARN_64_TO_32_BIT_CONVERSION = YES;
				GCC_WARN_ABOUT_RETURN_TYPE = YES_ERROR;
				GCC_WARN_UNDECLARED_SELECTOR = YES;
				GCC_WARN_UNINITIALIZED_AUTOS = YES_AGGRESSIVE;
				GCC_WARN_UNUSED_FUNCTION = YES;
				GCC_WARN_UNUSED_VARIABLE = YES;
				IPHONEOS_DEPLOYMENT_TARGET = 17.0;
				LOCALIZATION_PREFERS_STRING_CATALOGS = YES;
				MTL_ENABLE_DEBUG_INFO = INCLUDE_SOURCE;
				MTL_FAST_MATH = YES;
				ONLY_ACTIVE_ARCH = YES;
				SDKROOT = iphoneos;
				SWIFT_ACTIVE_COMPILATION_CONDITIONS = "DEBUG $(inherited)";
				SWIFT_OPTIMIZATION_LEVEL = "-Onone";
			};
			name = Debug;
		};
		169D80072ADF891300E27E9B /* Release */ = {
			isa = XCBuildConfiguration;
			buildSettings = {
				ALWAYS_SEARCH_USER_PATHS = NO;
				ASSETCATALOG_COMPILER_GENERATE_SWIFT_ASSET_SYMBOL_EXTENSIONS = YES;
				CLANG_ANALYZER_NONNULL = YES;
				CLANG_ANALYZER_NUMBER_OBJECT_CONVERSION = YES_AGGRESSIVE;
				CLANG_CXX_LANGUAGE_STANDARD = "gnu++20";
				CLANG_ENABLE_MODULES = YES;
				CLANG_ENABLE_OBJC_ARC = YES;
				CLANG_ENABLE_OBJC_WEAK = YES;
				CLANG_WARN_BLOCK_CAPTURE_AUTORELEASING = YES;
				CLANG_WARN_BOOL_CONVERSION = YES;
				CLANG_WARN_COMMA = YES;
				CLANG_WARN_CONSTANT_CONVERSION = YES;
				CLANG_WARN_DEPRECATED_OBJC_IMPLEMENTATIONS = YES;
				CLANG_WARN_DIRECT_OBJC_ISA_USAGE = YES_ERROR;
				CLANG_WARN_DOCUMENTATION_COMMENTS = YES;
				CLANG_WARN_EMPTY_BODY = YES;
				CLANG_WARN_ENUM_CONVERSION = YES;
				CLANG_WARN_INFINITE_RECURSION = YES;
				CLANG_WARN_INT_CONVERSION = YES;
				CLANG_WARN_NON_LITERAL_NULL_CONVERSION = YES;
				CLANG_WARN_OBJC_IMPLICIT_RETAIN_SELF = YES;
				CLANG_WARN_OBJC_LITERAL_CONVERSION = YES;
				CLANG_WARN_OBJC_ROOT_CLASS = YES_ERROR;
				CLANG_WARN_QUOTED_INCLUDE_IN_FRAMEWORK_HEADER = YES;
				CLANG_WARN_RANGE_LOOP_ANALYSIS = YES;
				CLANG_WARN_STRICT_PROTOTYPES = YES;
				CLANG_WARN_SUSPICIOUS_MOVE = YES;
				CLANG_WARN_UNGUARDED_AVAILABILITY = YES_AGGRESSIVE;
				CLANG_WARN_UNREACHABLE_CODE = YES;
				CLANG_WARN__DUPLICATE_METHOD_MATCH = YES;
				COPY_PHASE_STRIP = NO;
				DEBUG_INFORMATION_FORMAT = "dwarf-with-dsym";
				ENABLE_NS_ASSERTIONS = NO;
				ENABLE_STRICT_OBJC_MSGSEND = YES;
				ENABLE_USER_SCRIPT_SANDBOXING = YES;
				GCC_C_LANGUAGE_STANDARD = gnu17;
				GCC_NO_COMMON_BLOCKS = YES;
				GCC_WARN_64_TO_32_BIT_CONVERSION = YES;
				GCC_WARN_ABOUT_RETURN_TYPE = YES_ERROR;
				GCC_WARN_UNDECLARED_SELECTOR = YES;
				GCC_WARN_UNINITIALIZED_AUTOS = YES_AGGRESSIVE;
				GCC_WARN_UNUSED_FUNCTION = YES;
				GCC_WARN_UNUSED_VARIABLE = YES;
				IPHONEOS_DEPLOYMENT_TARGET = 17.0;
				LOCALIZATION_PREFERS_STRING_CATALOGS = YES;
				MTL_ENABLE_DEBUG_INFO = NO;
				MTL_FAST_MATH = YES;
				SDKROOT = iphoneos;
				SWIFT_COMPILATION_MODE = wholemodule;
				VALIDATE_PRODUCT = YES;
			};
			name = Release;
		};
		169D80092ADF891300E27E9B /* Debug */ = {
			isa = XCBuildConfiguration;
			buildSettings = {
				ASSETCATALOG_COMPILER_APPICON_NAME = AppIcon;
				ASSETCATALOG_COMPILER_GLOBAL_ACCENT_COLOR_NAME = AccentColor;
				CODE_SIGN_STYLE = Automatic;
				CURRENT_PROJECT_VERSION = 1;
				DEVELOPMENT_ASSET_PATHS = "\"CombineURLServices/Preview Content\"";
				DEVELOPMENT_TEAM = X2C38FG4S4;
				ENABLE_PREVIEWS = YES;
				GENERATE_INFOPLIST_FILE = YES;
				INFOPLIST_FILE = CombineURLServices/Info.plist;
				INFOPLIST_KEY_LSApplicationCategoryType = "public.app-category.utilities";
				INFOPLIST_KEY_UIApplicationSceneManifest_Generation = YES;
				INFOPLIST_KEY_UIApplicationSupportsIndirectInputEvents = YES;
				INFOPLIST_KEY_UILaunchScreen_Generation = YES;
				INFOPLIST_KEY_UISupportedInterfaceOrientations_iPad = "UIInterfaceOrientationPortrait UIInterfaceOrientationPortraitUpsideDown UIInterfaceOrientationLandscapeLeft UIInterfaceOrientationLandscapeRight";
				INFOPLIST_KEY_UISupportedInterfaceOrientations_iPhone = "UIInterfaceOrientationPortrait UIInterfaceOrientationLandscapeLeft UIInterfaceOrientationLandscapeRight";
				LD_RUNPATH_SEARCH_PATHS = (
					"$(inherited)",
					"@executable_path/Frameworks",
				);
				MARKETING_VERSION = 1.0;
				PRODUCT_BUNDLE_IDENTIFIER = com.matthewferguson.CombineURLServices;
				PRODUCT_NAME = "$(TARGET_NAME)";
				SWIFT_EMIT_LOC_STRINGS = YES;
				SWIFT_VERSION = 5.0;
				TARGETED_DEVICE_FAMILY = "1,2";
			};
			name = Debug;
		};
		169D800A2ADF891300E27E9B /* Release */ = {
			isa = XCBuildConfiguration;
			buildSettings = {
				ASSETCATALOG_COMPILER_APPICON_NAME = AppIcon;
				ASSETCATALOG_COMPILER_GLOBAL_ACCENT_COLOR_NAME = AccentColor;
				CODE_SIGN_STYLE = Automatic;
				CURRENT_PROJECT_VERSION = 1;
				DEVELOPMENT_ASSET_PATHS = "\"CombineURLServices/Preview Content\"";
				DEVELOPMENT_TEAM = X2C38FG4S4;
				ENABLE_PREVIEWS = YES;
				GENERATE_INFOPLIST_FILE = YES;
				INFOPLIST_FILE = CombineURLServices/Info.plist;
				INFOPLIST_KEY_LSApplicationCategoryType = "public.app-category.utilities";
				INFOPLIST_KEY_UIApplicationSceneManifest_Generation = YES;
				INFOPLIST_KEY_UIApplicationSupportsIndirectInputEvents = YES;
				INFOPLIST_KEY_UILaunchScreen_Generation = YES;
				INFOPLIST_KEY_UISupportedInterfaceOrientations_iPad = "UIInterfaceOrientationPortrait UIInterfaceOrientationPortraitUpsideDown UIInterfaceOrientationLandscapeLeft UIInterfaceOrientationLandscapeRight";
				INFOPLIST_KEY_UISupportedInterfaceOrientations_iPhone = "UIInterfaceOrientationPortrait UIInterfaceOrientationLandscapeLeft UIInterfaceOrientationLandscapeRight";
				LD_RUNPATH_SEARCH_PATHS = (
					"$(inherited)",
					"@executable_path/Frameworks",
				);
				MARKETING_VERSION = 1.0;
				PRODUCT_BUNDLE_IDENTIFIER = com.matthewferguson.CombineURLServices;
				PRODUCT_NAME = "$(TARGET_NAME)";
				SWIFT_EMIT_LOC_STRINGS = YES;
				SWIFT_VERSION = 5.0;
				TARGETED_DEVICE_FAMILY = "1,2";
			};
			name = Release;
		};
		169D800C2ADF891300E27E9B /* Debug */ = {
			isa = XCBuildConfiguration;
			buildSettings = {
				ALWAYS_EMBED_SWIFT_STANDARD_LIBRARIES = YES;
				BUNDLE_LOADER = "$(TEST_HOST)";
				CODE_SIGN_STYLE = Automatic;
				CURRENT_PROJECT_VERSION = 1;
				DEVELOPMENT_TEAM = X2C38FG4S4;
				GENERATE_INFOPLIST_FILE = YES;
				IPHONEOS_DEPLOYMENT_TARGET = 17.0;
				MARKETING_VERSION = 1.0;
				PRODUCT_BUNDLE_IDENTIFIER = com.matthewferguson.CombineURLServicesTests;
				PRODUCT_NAME = "$(TARGET_NAME)";
				SWIFT_EMIT_LOC_STRINGS = NO;
				SWIFT_VERSION = 5.0;
				TARGETED_DEVICE_FAMILY = "1,2";
				TEST_HOST = "$(BUILT_PRODUCTS_DIR)/CombineURLServices.app/$(BUNDLE_EXECUTABLE_FOLDER_PATH)/CombineURLServices";
			};
			name = Debug;
		};
		169D800D2ADF891300E27E9B /* Release */ = {
			isa = XCBuildConfiguration;
			buildSettings = {
				ALWAYS_EMBED_SWIFT_STANDARD_LIBRARIES = YES;
				BUNDLE_LOADER = "$(TEST_HOST)";
				CODE_SIGN_STYLE = Automatic;
				CURRENT_PROJECT_VERSION = 1;
				DEVELOPMENT_TEAM = X2C38FG4S4;
				GENERATE_INFOPLIST_FILE = YES;
				IPHONEOS_DEPLOYMENT_TARGET = 17.0;
				MARKETING_VERSION = 1.0;
				PRODUCT_BUNDLE_IDENTIFIER = com.matthewferguson.CombineURLServicesTests;
				PRODUCT_NAME = "$(TARGET_NAME)";
				SWIFT_EMIT_LOC_STRINGS = NO;
				SWIFT_VERSION = 5.0;
				TARGETED_DEVICE_FAMILY = "1,2";
				TEST_HOST = "$(BUILT_PRODUCTS_DIR)/CombineURLServices.app/$(BUNDLE_EXECUTABLE_FOLDER_PATH)/CombineURLServices";
			};
			name = Release;
		};
		169D800F2ADF891300E27E9B /* Debug */ = {
			isa = XCBuildConfiguration;
			buildSettings = {
				ALWAYS_EMBED_SWIFT_STANDARD_LIBRARIES = YES;
				CODE_SIGN_STYLE = Automatic;
				CURRENT_PROJECT_VERSION = 1;
				DEVELOPMENT_TEAM = X2C38FG4S4;
				GENERATE_INFOPLIST_FILE = YES;
				MARKETING_VERSION = 1.0;
				PRODUCT_BUNDLE_IDENTIFIER = com.matthewferguson.CombineURLServicesUITests;
				PRODUCT_NAME = "$(TARGET_NAME)";
				SWIFT_EMIT_LOC_STRINGS = NO;
				SWIFT_VERSION = 5.0;
				TARGETED_DEVICE_FAMILY = "1,2";
				TEST_TARGET_NAME = CombineURLServices;
			};
			name = Debug;
		};
		169D80102ADF891300E27E9B /* Release */ = {
			isa = XCBuildConfiguration;
			buildSettings = {
				ALWAYS_EMBED_SWIFT_STANDARD_LIBRARIES = YES;
				CODE_SIGN_STYLE = Automatic;
				CURRENT_PROJECT_VERSION = 1;
				DEVELOPMENT_TEAM = X2C38FG4S4;
				GENERATE_INFOPLIST_FILE = YES;
				MARKETING_VERSION = 1.0;
				PRODUCT_BUNDLE_IDENTIFIER = com.matthewferguson.CombineURLServicesUITests;
				PRODUCT_NAME = "$(TARGET_NAME)";
				SWIFT_EMIT_LOC_STRINGS = NO;
				SWIFT_VERSION = 5.0;
				TARGETED_DEVICE_FAMILY = "1,2";
				TEST_TARGET_NAME = CombineURLServices;
			};
			name = Release;
		};
/* End XCBuildConfiguration section */

/* Begin XCConfigurationList section */
		169D7FDA2ADF891200E27E9B /* Build configuration list for PBXProject "CombineURLServices" */ = {
			isa = XCConfigurationList;
			buildConfigurations = (
				169D80062ADF891300E27E9B /* Debug */,
				169D80072ADF891300E27E9B /* Release */,
			);
			defaultConfigurationIsVisible = 0;
			defaultConfigurationName = Release;
		};
		169D80082ADF891300E27E9B /* Build configuration list for PBXNativeTarget "CombineURLServices" */ = {
			isa = XCConfigurationList;
			buildConfigurations = (
				169D80092ADF891300E27E9B /* Debug */,
				169D800A2ADF891300E27E9B /* Release */,
			);
			defaultConfigurationIsVisible = 0;
			defaultConfigurationName = Release;
		};
		169D800B2ADF891300E27E9B /* Build configuration list for PBXNativeTarget "CombineURLServicesTests" */ = {
			isa = XCConfigurationList;
			buildConfigurations = (
				169D800C2ADF891300E27E9B /* Debug */,
				169D800D2ADF891300E27E9B /* Release */,
			);
			defaultConfigurationIsVisible = 0;
			defaultConfigurationName = Release;
		};
		169D800E2ADF891300E27E9B /* Build configuration list for PBXNativeTarget "CombineURLServicesUITests" */ = {
			isa = XCConfigurationList;
			buildConfigurations = (
				169D800F2ADF891300E27E9B /* Debug */,
				169D80102ADF891300E27E9B /* Release */,
			);
			defaultConfigurationIsVisible = 0;
			defaultConfigurationName = Release;
		};
/* End XCConfigurationList section */

/* Begin XCRemoteSwiftPackageReference section */
		160658E02B15B92F00FDBA7C /* XCRemoteSwiftPackageReference "DataFlowFunnelCD" */ = {
			isa = XCRemoteSwiftPackageReference;
			repositoryURL = "https://github.com/matthewferguson/DataFlowFunnelCD.git";
			requirement = {
				kind = upToNextMajorVersion;
				minimumVersion = 1.3.0;
			};
		};
		160658E32B196C8300FDBA7C /* XCRemoteSwiftPackageReference "Reachability.swift" */ = {
			isa = XCRemoteSwiftPackageReference;
			repositoryURL = "https://github.com/ashleymills/Reachability.swift.git";
			requirement = {
				kind = exactVersion;
				version = 5.1.0;
			};
		};
/* End XCRemoteSwiftPackageReference section */

/* Begin XCSwiftPackageProductDependency section */
		160658E12B15B92F00FDBA7C /* DataFlowFunnelCD */ = {
			isa = XCSwiftPackageProductDependency;
			package = 160658E02B15B92F00FDBA7C /* XCRemoteSwiftPackageReference "DataFlowFunnelCD" */;
			productName = DataFlowFunnelCD;
		};
		160658E42B196C8300FDBA7C /* Reachability */ = {
			isa = XCSwiftPackageProductDependency;
			package = 160658E32B196C8300FDBA7C /* XCRemoteSwiftPackageReference "Reachability.swift" */;
			productName = Reachability;
		};
/* End XCSwiftPackageProductDependency section */

/* Begin XCVersionGroup section */
		169D7FED2ADF891300E27E9B /* CombineURLServices.xcdatamodeld */ = {
			isa = XCVersionGroup;
			children = (
				169D7FEE2ADF891300E27E9B /* CombineURLServices.xcdatamodel */,
			);
			currentVersion = 169D7FEE2ADF891300E27E9B /* CombineURLServices.xcdatamodel */;
			path = CombineURLServices.xcdatamodeld;
			sourceTree = "<group>";
			versionGroupType = wrapper.xcdatamodel;
		};
/* End XCVersionGroup section */
	};
	rootObject = 169D7FD72ADF891200E27E9B /* Project object */;
}
